
Microsoft Visual Studio Solution File, Format Version 12.00
# Visual Studio Version 16
VisualStudioVersion = 16.0.30717.126
MinimumVisualStudioVersion = 10.0.40219.1
Project("{FAE04EC0-301F-11D3-BF4B-00C04F79EFBC}") = "Core Scheduler", "Core Scheduler\Core Scheduler.csproj", "{E44E46B1-6805-496A-BE7A-C6C2F5D9F0EC}"
EndProject
Global
	GlobalSection(SolutionConfigurationPlatforms) = preSolution
		Debug|Any CPU = Debug|Any CPU
		Release|Any CPU = Release|Any CPU
	EndGlobalSection
	GlobalSection(ProjectConfigurationPlatforms) = postSolution
		{E44E46B1-6805-496A-BE7A-C6C2F5D9F0EC}.Debug|Any CPU.ActiveCfg = Debug|Any CPU
		{E44E46B1-6805-496A-BE7A-C6C2F5D9F0EC}.Debug|Any CPU.Build.0 = Debug|Any CPU
		{E44E46B1-6805-496A-BE7A-C6C2F5D9F0EC}.Release|Any CPU.ActiveCfg = Release|Any CPU
		{E44E46B1-6805-496A-BE7A-C6C2F5D9F0EC}.Release|Any CPU.Build.0 = Release|Any CPU
	EndGlobalSection
	GlobalSection(SolutionProperties) = preSolution
		HideSolutionNode = FALSE
	EndGlobalSection
	GlobalSection(ExtensibilityGlobals) = postSolution
		SolutionGuid = {4073DCF1-789C-4E2A-A09B-A758669D80B4}
	EndGlobalSection
EndGlobal
